
Microsoft Visual Studio Solution File, Format Version 12.00
# Visual Studio Version 17
VisualStudioVersion = 17.9.34902.65
MinimumVisualStudioVersion = 10.0.40219.1
Project("{9A19103F-16F7-4668-BE54-9A1E7A4F7556}") = "ServiceHub.WebApp", "ServiceHub.WebApp\ServiceHub.WebApp.csproj", "{38AC8875-44F4-4A31-B96B-DA1EF07AA985}"
EndProject
Project("{00D1A9C2-B5F0-4AF3-8072-F6C62B433612}") = "ServiceHubDb", "ServiceHubDb\ServiceHubDb.sqlproj", "{822CB5E9-97F1-4DFE-8D61-A85014AAA4E5}"
EndProject
Project("{FAE04EC0-301F-11D3-BF4B-00C04F79EFBC}") = "ServiceHub.DataAccess", "ServiceHub.DataAccess\ServiceHub.DataAccess.csproj", "{2BCBDF6A-651A-4BFD-9C58-E49B91EA213E}"
EndProject
Project("{FAE04EC0-301F-11D3-BF4B-00C04F79EFBC}") = "ServiceHub.Domain", "ServiceHub.Domain\ServiceHub.Domain.csproj", "{A1819BEB-D73C-4AD9-B37B-B0A324AE4A83}"
EndProject
Global
	GlobalSection(SolutionConfigurationPlatforms) = preSolution
		Debug|Any CPU = Debug|Any CPU
		Release|Any CPU = Release|Any CPU
	EndGlobalSection
	GlobalSection(ProjectConfigurationPlatforms) = postSolution
		{38AC8875-44F4-4A31-B96B-DA1EF07AA985}.Debug|Any CPU.ActiveCfg = Debug|Any CPU
		{38AC8875-44F4-4A31-B96B-DA1EF07AA985}.Debug|Any CPU.Build.0 = Debug|Any CPU
		{38AC8875-44F4-4A31-B96B-DA1EF07AA985}.Release|Any CPU.ActiveCfg = Release|Any CPU
		{38AC8875-44F4-4A31-B96B-DA1EF07AA985}.Release|Any CPU.Build.0 = Release|Any CPU
		{822CB5E9-97F1-4DFE-8D61-A85014AAA4E5}.Debug|Any CPU.ActiveCfg = Debug|Any CPU
		{822CB5E9-97F1-4DFE-8D61-A85014AAA4E5}.Debug|Any CPU.Build.0 = Debug|Any CPU
		{822CB5E9-97F1-4DFE-8D61-A85014AAA4E5}.Debug|Any CPU.Deploy.0 = Debug|Any CPU
		{822CB5E9-97F1-4DFE-8D61-A85014AAA4E5}.Release|Any CPU.ActiveCfg = Release|Any CPU
		{822CB5E9-97F1-4DFE-8D61-A85014AAA4E5}.Release|Any CPU.Build.0 = Release|Any CPU
		{822CB5E9-97F1-4DFE-8D61-A85014AAA4E5}.Release|Any CPU.Deploy.0 = Release|Any CPU
		{2BCBDF6A-651A-4BFD-9C58-E49B91EA213E}.Debug|Any CPU.ActiveCfg = Debug|Any CPU
		{2BCBDF6A-651A-4BFD-9C58-E49B91EA213E}.Debug|Any CPU.Build.0 = Debug|Any CPU
		{2BCBDF6A-651A-4BFD-9C58-E49B91EA213E}.Release|Any CPU.ActiveCfg = Release|Any CPU
		{2BCBDF6A-651A-4BFD-9C58-E49B91EA213E}.Release|Any CPU.Build.0 = Release|Any CPU
		{A1819BEB-D73C-4AD9-B37B-B0A324AE4A83}.Debug|Any CPU.ActiveCfg = Debug|Any CPU
		{A1819BEB-D73C-4AD9-B37B-B0A324AE4A83}.Debug|Any CPU.Build.0 = Debug|Any CPU
		{A1819BEB-D73C-4AD9-B37B-B0A324AE4A83}.Release|Any CPU.ActiveCfg = Release|Any CPU
		{A1819BEB-D73C-4AD9-B37B-B0A324AE4A83}.Release|Any CPU.Build.0 = Release|Any CPU
	EndGlobalSection
	GlobalSection(SolutionProperties) = preSolution
		HideSolutionNode = FALSE
	EndGlobalSection
	GlobalSection(ExtensibilityGlobals) = postSolution
		SolutionGuid = {8A3E719A-D480-4CDB-B177-A0DCD435F79D}
	EndGlobalSection
EndGlobal
